
Microsoft Visual Studio Solution File, Format Version 12.00
# Visual Studio Version 16
VisualStudioVersion = 16.0.29318.209
MinimumVisualStudioVersion = 10.0.40219.1
Project("{FAE04EC0-301F-11D3-BF4B-00C04F79EFBC}") = "nikSimeticZadatak1", "nikSimeticZadatak1\nikSimeticZadatak1.csproj", "{9165AC1A-3D20-45FB-B18A-783B5AD7BC42}"
EndProject
Global
	GlobalSection(SolutionConfigurationPlatforms) = preSolution
		Debug|Any CPU = Debug|Any CPU
		Release|Any CPU = Release|Any CPU
	EndGlobalSection
	GlobalSection(ProjectConfigurationPlatforms) = postSolution
		{9165AC1A-3D20-45FB-B18A-783B5AD7BC42}.Debug|Any CPU.ActiveCfg = Debug|Any CPU
		{9165AC1A-3D20-45FB-B18A-783B5AD7BC42}.Debug|Any CPU.Build.0 = Debug|Any CPU
		{9165AC1A-3D20-45FB-B18A-783B5AD7BC42}.Release|Any CPU.ActiveCfg = Release|Any CPU
		{9165AC1A-3D20-45FB-B18A-783B5AD7BC42}.Release|Any CPU.Build.0 = Release|Any CPU
	EndGlobalSection
	GlobalSection(SolutionProperties) = preSolution
		HideSolutionNode = FALSE
	EndGlobalSection
	GlobalSection(ExtensibilityGlobals) = postSolution
		SolutionGuid = {5312A3B2-F4B4-4941-85E7-555DCE1B42DE}
	EndGlobalSection
EndGlobal
